
Microsoft Visual Studio Solution File, Format Version 12.00
# Visual Studio 2013
VisualStudioVersion = 12.0.31101.0
MinimumVisualStudioVersion = 10.0.40219.1
Project("{FAE04EC0-301F-11D3-BF4B-00C04F79EFBC}") = "P01.School", "01.School\P01.School.csproj", "{B748759F-881D-4C13-A25F-B7B0B76E9806}"
EndProject
Project("{FAE04EC0-301F-11D3-BF4B-00C04F79EFBC}") = "StartProgram", "StartProgram\StartProgram.csproj", "{0C8CC450-3187-48E1-B767-9A380AD4ABE9}"
EndProject
Global
	GlobalSection(SolutionConfigurationPlatforms) = preSolution
		Debug|Any CPU = Debug|Any CPU
		Release|Any CPU = Release|Any CPU
	EndGlobalSection
	GlobalSection(ProjectConfigurationPlatforms) = postSolution
		{B748759F-881D-4C13-A25F-B7B0B76E9806}.Debug|Any CPU.ActiveCfg = Debug|Any CPU
		{B748759F-881D-4C13-A25F-B7B0B76E9806}.Debug|Any CPU.Build.0 = Debug|Any CPU
		{B748759F-881D-4C13-A25F-B7B0B76E9806}.Release|Any CPU.ActiveCfg = Release|Any CPU
		{B748759F-881D-4C13-A25F-B7B0B76E9806}.Release|Any CPU.Build.0 = Release|Any CPU
		{0C8CC450-3187-48E1-B767-9A380AD4ABE9}.Debug|Any CPU.ActiveCfg = Debug|Any CPU
		{0C8CC450-3187-48E1-B767-9A380AD4ABE9}.Debug|Any CPU.Build.0 = Debug|Any CPU
		{0C8CC450-3187-48E1-B767-9A380AD4ABE9}.Release|Any CPU.ActiveCfg = Release|Any CPU
		{0C8CC450-3187-48E1-B767-9A380AD4ABE9}.Release|Any CPU.Build.0 = Release|Any CPU
	EndGlobalSection
	GlobalSection(SolutionProperties) = preSolution
		HideSolutionNode = FALSE
	EndGlobalSection
EndGlobal
