
Microsoft Visual Studio Solution File, Format Version 12.00
# Visual Studio 2013
VisualStudioVersion = 12.0.31101.0
MinimumVisualStudioVersion = 10.0.40219.1
Project("{FAE04EC0-301F-11D3-BF4B-00C04F79EFBC}") = "01.Printing", "01.Printing\01.Printing.csproj", "{29A50A12-52D6-467F-A4A2-008BB99350DA}"
EndProject
Project("{FAE04EC0-301F-11D3-BF4B-00C04F79EFBC}") = "02.TextToNumber", "02.TextToNumber\02.TextToNumber.csproj", "{BC679616-80CB-47D2-9F12-4C386144A1E1}"
EndProject
Project("{FAE04EC0-301F-11D3-BF4B-00C04F79EFBC}") = "03.SaddyKopper", "03.SaddyKopper\03.SaddyKopper.csproj", "{7171F079-0C69-46D8-8565-89B22DF2FE72}"
EndProject
Project("{FAE04EC0-301F-11D3-BF4B-00C04F79EFBC}") = "04.Cube", "04.Cube\04.Cube.csproj", "{4AE80E53-F953-4462-BD0A-279E3EC48F4E}"
EndProject
Project("{FAE04EC0-301F-11D3-BF4B-00C04F79EFBC}") = "05.BitsToBits", "05.BitsToBits\05.BitsToBits.csproj", "{7AB98095-DC6A-46BC-9BC5-FC1D9057B54B}"
EndProject
Global
	GlobalSection(SolutionConfigurationPlatforms) = preSolution
		Debug|Any CPU = Debug|Any CPU
		Release|Any CPU = Release|Any CPU
	EndGlobalSection
	GlobalSection(ProjectConfigurationPlatforms) = postSolution
		{29A50A12-52D6-467F-A4A2-008BB99350DA}.Debug|Any CPU.ActiveCfg = Debug|Any CPU
		{29A50A12-52D6-467F-A4A2-008BB99350DA}.Debug|Any CPU.Build.0 = Debug|Any CPU
		{29A50A12-52D6-467F-A4A2-008BB99350DA}.Release|Any CPU.ActiveCfg = Release|Any CPU
		{29A50A12-52D6-467F-A4A2-008BB99350DA}.Release|Any CPU.Build.0 = Release|Any CPU
		{BC679616-80CB-47D2-9F12-4C386144A1E1}.Debug|Any CPU.ActiveCfg = Debug|Any CPU
		{BC679616-80CB-47D2-9F12-4C386144A1E1}.Debug|Any CPU.Build.0 = Debug|Any CPU
		{BC679616-80CB-47D2-9F12-4C386144A1E1}.Release|Any CPU.ActiveCfg = Release|Any CPU
		{BC679616-80CB-47D2-9F12-4C386144A1E1}.Release|Any CPU.Build.0 = Release|Any CPU
		{7171F079-0C69-46D8-8565-89B22DF2FE72}.Debug|Any CPU.ActiveCfg = Debug|Any CPU
		{7171F079-0C69-46D8-8565-89B22DF2FE72}.Debug|Any CPU.Build.0 = Debug|Any CPU
		{7171F079-0C69-46D8-8565-89B22DF2FE72}.Release|Any CPU.ActiveCfg = Release|Any CPU
		{7171F079-0C69-46D8-8565-89B22DF2FE72}.Release|Any CPU.Build.0 = Release|Any CPU
		{4AE80E53-F953-4462-BD0A-279E3EC48F4E}.Debug|Any CPU.ActiveCfg = Debug|Any CPU
		{4AE80E53-F953-4462-BD0A-279E3EC48F4E}.Debug|Any CPU.Build.0 = Debug|Any CPU
		{4AE80E53-F953-4462-BD0A-279E3EC48F4E}.Release|Any CPU.ActiveCfg = Release|Any CPU
		{4AE80E53-F953-4462-BD0A-279E3EC48F4E}.Release|Any CPU.Build.0 = Release|Any CPU
		{7AB98095-DC6A-46BC-9BC5-FC1D9057B54B}.Debug|Any CPU.ActiveCfg = Debug|Any CPU
		{7AB98095-DC6A-46BC-9BC5-FC1D9057B54B}.Debug|Any CPU.Build.0 = Debug|Any CPU
		{7AB98095-DC6A-46BC-9BC5-FC1D9057B54B}.Release|Any CPU.ActiveCfg = Release|Any CPU
		{7AB98095-DC6A-46BC-9BC5-FC1D9057B54B}.Release|Any CPU.Build.0 = Release|Any CPU
	EndGlobalSection
	GlobalSection(SolutionProperties) = preSolution
		HideSolutionNode = FALSE
	EndGlobalSection
EndGlobal
