
Microsoft Visual Studio Solution File, Format Version 12.00
# Visual Studio 14
VisualStudioVersion = 14.0.25420.1
MinimumVisualStudioVersion = 10.0.40219.1
Project("{FAE04EC0-301F-11D3-BF4B-00C04F79EFBC}") = "SchoolSystem", "SchoolSystem\SchoolSystem.csproj", "{40AA1DD7-DBE5-4AFB-B17E-C81D906186AA}"
EndProject
Project("{FAE04EC0-301F-11D3-BF4B-00C04F79EFBC}") = "ConsoleStartUp", "ConsoleStartUp\ConsoleStartUp.csproj", "{2CCA1825-D260-445B-B6EA-467021A45768}"
EndProject
Project("{FAE04EC0-301F-11D3-BF4B-00C04F79EFBC}") = "SchoolSystem.Test", "SchoolSystem.Test\SchoolSystem.Test.csproj", "{32EE0234-351F-40EE-9F8B-BCF48E1CBB94}"
EndProject
Global
	GlobalSection(SolutionConfigurationPlatforms) = preSolution
		Debug|Any CPU = Debug|Any CPU
		Release|Any CPU = Release|Any CPU
	EndGlobalSection
	GlobalSection(ProjectConfigurationPlatforms) = postSolution
		{40AA1DD7-DBE5-4AFB-B17E-C81D906186AA}.Debug|Any CPU.ActiveCfg = Debug|Any CPU
		{40AA1DD7-DBE5-4AFB-B17E-C81D906186AA}.Debug|Any CPU.Build.0 = Debug|Any CPU
		{40AA1DD7-DBE5-4AFB-B17E-C81D906186AA}.Release|Any CPU.ActiveCfg = Release|Any CPU
		{40AA1DD7-DBE5-4AFB-B17E-C81D906186AA}.Release|Any CPU.Build.0 = Release|Any CPU
		{2CCA1825-D260-445B-B6EA-467021A45768}.Debug|Any CPU.ActiveCfg = Debug|Any CPU
		{2CCA1825-D260-445B-B6EA-467021A45768}.Debug|Any CPU.Build.0 = Debug|Any CPU
		{2CCA1825-D260-445B-B6EA-467021A45768}.Release|Any CPU.ActiveCfg = Release|Any CPU
		{2CCA1825-D260-445B-B6EA-467021A45768}.Release|Any CPU.Build.0 = Release|Any CPU
		{32EE0234-351F-40EE-9F8B-BCF48E1CBB94}.Debug|Any CPU.ActiveCfg = Debug|Any CPU
		{32EE0234-351F-40EE-9F8B-BCF48E1CBB94}.Debug|Any CPU.Build.0 = Debug|Any CPU
		{32EE0234-351F-40EE-9F8B-BCF48E1CBB94}.Release|Any CPU.ActiveCfg = Release|Any CPU
		{32EE0234-351F-40EE-9F8B-BCF48E1CBB94}.Release|Any CPU.Build.0 = Release|Any CPU
	EndGlobalSection
	GlobalSection(SolutionProperties) = preSolution
		HideSolutionNode = FALSE
	EndGlobalSection
EndGlobal
